
Microsoft Visual Studio Solution File, Format Version 12.00
# Visual Studio 15
VisualStudioVersion = 15.0.27004.2008
MinimumVisualStudioVersion = 10.0.40219.1
Project("{FAE04EC0-301F-11D3-BF4B-00C04F79EFBC}") = "Password MAnager", "Password MAnager\Password MAnager.csproj", "{F4349B58-7475-4CE4-9FBE-A7631D11DA71}"
EndProject
Global
	GlobalSection(SolutionConfigurationPlatforms) = preSolution
		Debug|Any CPU = Debug|Any CPU
		Release|Any CPU = Release|Any CPU
	EndGlobalSection
	GlobalSection(ProjectConfigurationPlatforms) = postSolution
		{F4349B58-7475-4CE4-9FBE-A7631D11DA71}.Debug|Any CPU.ActiveCfg = Debug|Any CPU
		{F4349B58-7475-4CE4-9FBE-A7631D11DA71}.Debug|Any CPU.Build.0 = Debug|Any CPU
		{F4349B58-7475-4CE4-9FBE-A7631D11DA71}.Release|Any CPU.ActiveCfg = Release|Any CPU
		{F4349B58-7475-4CE4-9FBE-A7631D11DA71}.Release|Any CPU.Build.0 = Release|Any CPU
	EndGlobalSection
	GlobalSection(SolutionProperties) = preSolution
		HideSolutionNode = FALSE
	EndGlobalSection
	GlobalSection(ExtensibilityGlobals) = postSolution
		SolutionGuid = {8BD39470-B941-4D27-A8DC-C3C88E7F2A81}
	EndGlobalSection
EndGlobal
